// !$*UTF8*$!
{
	archiveVersion = 1;
	classes = {
	};
	objectVersion = 50;
	objects = {

/* Begin PBXBuildFile section */
		2EC255B64F7A6B248DDC758D /* libPods-YYY123.a in Frameworks */ = {isa = PBXBuildFile; fileRef = CB454E6BF495759899F07E27 /* libPods-YYY123.a */; };
		8E84CD3B26D4F03A007E9F7F /* DevilSingleton.m in Sources */ = {isa = PBXBuildFile; fileRef = 8E84CD3A26D4F03A007E9F7F /* DevilSingleton.m */; };
		8E84CD3F26D4F0D4007E9F7F /* UIView_A.m in Sources */ = {isa = PBXBuildFile; fileRef = 8E84CD3E26D4F0D4007E9F7F /* UIView_A.m */; };
		8E84CD4326D4F0DF007E9F7F /* UIView_B.m in Sources */ = {isa = PBXBuildFile; fileRef = 8E84CD4226D4F0DF007E9F7F /* UIView_B.m */; };
		8E84CD4726D4F47E007E9F7F /* UIView+tlmLeaks.m in Sources */ = {isa = PBXBuildFile; fileRef = 8E84CD4626D4F47E007E9F7F /* UIView+tlmLeaks.m */; };
		8E90A2B826C6129500D45926 /* TlmLeakObjProxy.m in Sources */ = {isa = PBXBuildFile; fileRef = 8E90A2B726C6129500D45926 /* TlmLeakObjProxy.m */; };
		E9C16FF723CC90E5000EC6DE /* AppDelegate.m in Sources */ = {isa = PBXBuildFile; fileRef = E9C16FF623CC90E5000EC6DE /* AppDelegate.m */; };
		E9C16FFA23CC90E5000EC6DE /* ViewController.m in Sources */ = {isa = PBXBuildFile; fileRef = E9C16FF923CC90E5000EC6DE /* ViewController.m */; };
		E9C16FFD23CC90E5000EC6DE /* Main.storyboard in Resources */ = {isa = PBXBuildFile; fileRef = E9C16FFB23CC90E5000EC6DE /* Main.storyboard */; };
		E9C16FFF23CC90E6000EC6DE /* Assets.xcassets in Resources */ = {isa = PBXBuildFile; fileRef = E9C16FFE23CC90E6000EC6DE /* Assets.xcassets */; };
		E9C1700223CC90E6000EC6DE /* LaunchScreen.storyboard in Resources */ = {isa = PBXBuildFile; fileRef = E9C1700023CC90E6000EC6DE /* LaunchScreen.storyboard */; };
		E9C1700523CC90E6000EC6DE /* main.m in Sources */ = {isa = PBXBuildFile; fileRef = E9C1700423CC90E6000EC6DE /* main.m */; };
		E9CBFD5226C5696A00E8EE69 /* TestViewController.m in Sources */ = {isa = PBXBuildFile; fileRef = E9CBFD4E26C5696900E8EE69 /* TestViewController.m */; };
		E9CBFD5326C5696A00E8EE69 /* RootViewController.m in Sources */ = {isa = PBXBuildFile; fileRef = E9CBFD4F26C5696900E8EE69 /* RootViewController.m */; };
		E9CBFD5926C56F1E00E8EE69 /* UIViewController+dismiss.m in Sources */ = {isa = PBXBuildFile; fileRef = E9CBFD5526C56F1E00E8EE69 /* UIViewController+dismiss.m */; };
		E9CBFD5A26C56F1E00E8EE69 /* NSObject+dealloc.m in Sources */ = {isa = PBXBuildFile; fileRef = E9CBFD5626C56F1E00E8EE69 /* NSObject+dealloc.m */; };
/* End PBXBuildFile section */

/* Begin PBXFileReference section */
		14E339FED356C49030251219 /* Pods-YYY123.release.xcconfig */ = {isa = PBXFileReference; includeInIndex = 1; lastKnownFileType = text.xcconfig; name = "Pods-YYY123.release.xcconfig"; path = "Target Support Files/Pods-YYY123/Pods-YYY123.release.xcconfig"; sourceTree = "<group>"; };
		8E84CD3926D4F03A007E9F7F /* DevilSingleton.h */ = {isa = PBXFileReference; lastKnownFileType = sourcecode.c.h; path = DevilSingleton.h; sourceTree = "<group>"; };
		8E84CD3A26D4F03A007E9F7F /* DevilSingleton.m */ = {isa = PBXFileReference; lastKnownFileType = sourcecode.c.objc; path = DevilSingleton.m; sourceTree = "<group>"; };
		8E84CD3D26D4F0D4007E9F7F /* UIView_A.h */ = {isa = PBXFileReference; lastKnownFileType = sourcecode.c.h; path = UIView_A.h; sourceTree = "<group>"; };
		8E84CD3E26D4F0D4007E9F7F /* UIView_A.m */ = {isa = PBXFileReference; lastKnownFileType = sourcecode.c.objc; path = UIView_A.m; sourceTree = "<group>"; };
		8E84CD4126D4F0DF007E9F7F /* UIView_B.h */ = {isa = PBXFileReference; lastKnownFileType = sourcecode.c.h; path = UIView_B.h; sourceTree = "<group>"; };
		8E84CD4226D4F0DF007E9F7F /* UIView_B.m */ = {isa = PBXFileReference; lastKnownFileType = sourcecode.c.objc; path = UIView_B.m; sourceTree = "<group>"; };
		8E84CD4526D4F47E007E9F7F /* UIView+tlmLeaks.h */ = {isa = PBXFileReference; lastKnownFileType = sourcecode.c.h; path = "UIView+tlmLeaks.h"; sourceTree = "<group>"; };
		8E84CD4626D4F47E007E9F7F /* UIView+tlmLeaks.m */ = {isa = PBXFileReference; lastKnownFileType = sourcecode.c.objc; path = "UIView+tlmLeaks.m"; sourceTree = "<group>"; };
		8E90A2B626C6129500D45926 /* TlmLeakObjProxy.h */ = {isa = PBXFileReference; lastKnownFileType = sourcecode.c.h; path = TlmLeakObjProxy.h; sourceTree = "<group>"; };
		8E90A2B726C6129500D45926 /* TlmLeakObjProxy.m */ = {isa = PBXFileReference; lastKnownFileType = sourcecode.c.objc; path = TlmLeakObjProxy.m; sourceTree = "<group>"; };
		CB454E6BF495759899F07E27 /* libPods-YYY123.a */ = {isa = PBXFileReference; explicitFileType = archive.ar; includeInIndex = 0; path = "libPods-YYY123.a"; sourceTree = BUILT_PRODUCTS_DIR; };
		D80860ECA68E34420F570D6C /* Pods-YYY123.debug.xcconfig */ = {isa = PBXFileReference; includeInIndex = 1; lastKnownFileType = text.xcconfig; name = "Pods-YYY123.debug.xcconfig"; path = "Target Support Files/Pods-YYY123/Pods-YYY123.debug.xcconfig"; sourceTree = "<group>"; };
		E9C16FF223CC90E5000EC6DE /* YYY123.app */ = {isa = PBXFileReference; explicitFileType = wrapper.application; includeInIndex = 0; path = YYY123.app; sourceTree = BUILT_PRODUCTS_DIR; };
		E9C16FF523CC90E5000EC6DE /* AppDelegate.h */ = {isa = PBXFileReference; lastKnownFileType = sourcecode.c.h; path = AppDelegate.h; sourceTree = "<group>"; };
		E9C16FF623CC90E5000EC6DE /* AppDelegate.m */ = {isa = PBXFileReference; lastKnownFileType = sourcecode.c.objc; path = AppDelegate.m; sourceTree = "<group>"; };
		E9C16FF823CC90E5000EC6DE /* ViewController.h */ = {isa = PBXFileReference; lastKnownFileType = sourcecode.c.h; path = ViewController.h; sourceTree = "<group>"; };
		E9C16FF923CC90E5000EC6DE /* ViewController.m */ = {isa = PBXFileReference; lastKnownFileType = sourcecode.c.objc; path = ViewController.m; sourceTree = "<group>"; };
		E9C16FFC23CC90E5000EC6DE /* Base */ = {isa = PBXFileReference; lastKnownFileType = file.storyboard; name = Base; path = Base.lproj/Main.storyboard; sourceTree = "<group>"; };
		E9C16FFE23CC90E6000EC6DE /* Assets.xcassets */ = {isa = PBXFileReference; lastKnownFileType = folder.assetcatalog; path = Assets.xcassets; sourceTree = "<group>"; };
		E9C1700123CC90E6000EC6DE /* Base */ = {isa = PBXFileReference; lastKnownFileType = file.storyboard; name = Base; path = Base.lproj/LaunchScreen.storyboard; sourceTree = "<group>"; };
		E9C1700323CC90E6000EC6DE /* Info.plist */ = {isa = PBXFileReference; lastKnownFileType = text.plist.xml; path = Info.plist; sourceTree = "<group>"; };
		E9C1700423CC90E6000EC6DE /* main.m */ = {isa = PBXFileReference; lastKnownFileType = sourcecode.c.objc; path = main.m; sourceTree = "<group>"; };
		E9CBFD4E26C5696900E8EE69 /* TestViewController.m */ = {isa = PBXFileReference; fileEncoding = 4; lastKnownFileType = sourcecode.c.objc; path = TestViewController.m; sourceTree = "<group>"; };
		E9CBFD4F26C5696900E8EE69 /* RootViewController.m */ = {isa = PBXFileReference; fileEncoding = 4; lastKnownFileType = sourcecode.c.objc; path = RootViewController.m; sourceTree = "<group>"; };
		E9CBFD5026C5696A00E8EE69 /* RootViewController.h */ = {isa = PBXFileReference; fileEncoding = 4; lastKnownFileType = sourcecode.c.h; path = RootViewController.h; sourceTree = "<group>"; };
		E9CBFD5126C5696A00E8EE69 /* TestViewController.h */ = {isa = PBXFileReference; fileEncoding = 4; lastKnownFileType = sourcecode.c.h; path = TestViewController.h; sourceTree = "<group>"; };
		E9CBFD5526C56F1E00E8EE69 /* UIViewController+dismiss.m */ = {isa = PBXFileReference; fileEncoding = 4; lastKnownFileType = sourcecode.c.objc; path = "UIViewController+dismiss.m"; sourceTree = "<group>"; };
		E9CBFD5626C56F1E00E8EE69 /* NSObject+dealloc.m */ = {isa = PBXFileReference; fileEncoding = 4; lastKnownFileType = sourcecode.c.objc; path = "NSObject+dealloc.m"; sourceTree = "<group>"; };
		E9CBFD5726C56F1E00E8EE69 /* NSObject+dealloc.h */ = {isa = PBXFileReference; fileEncoding = 4; lastKnownFileType = sourcecode.c.h; path = "NSObject+dealloc.h"; sourceTree = "<group>"; };
		E9CBFD5826C56F1E00E8EE69 /* UIViewController+dismiss.h */ = {isa = PBXFileReference; fileEncoding = 4; lastKnownFileType = sourcecode.c.h; path = "UIViewController+dismiss.h"; sourceTree = "<group>"; };
/* End PBXFileReference section */

/* Begin PBXFrameworksBuildPhase section */
		E9C16FEF23CC90E5000EC6DE /* Frameworks */ = {
			isa = PBXFrameworksBuildPhase;
			buildActionMask = 2147483647;
			files = (
				2EC255B64F7A6B248DDC758D /* libPods-YYY123.a in Frameworks */,
			);
			runOnlyForDeploymentPostprocessing = 0;
		};
/* End PBXFrameworksBuildPhase section */

/* Begin PBXGroup section */
		AE177BA2D01D094D3A8A0B87 /* Frameworks */ = {
			isa = PBXGroup;
			children = (
				CB454E6BF495759899F07E27 /* libPods-YYY123.a */,
			);
			name = Frameworks;
			sourceTree = "<group>";
		};
		D96C868FF11BD08934D5BD99 /* Pods */ = {
			isa = PBXGroup;
			children = (
				D80860ECA68E34420F570D6C /* Pods-YYY123.debug.xcconfig */,
				14E339FED356C49030251219 /* Pods-YYY123.release.xcconfig */,
			);
			path = Pods;
			sourceTree = "<group>";
		};
		E9C16FE923CC90E5000EC6DE = {
			isa = PBXGroup;
			children = (
				E9C16FF423CC90E5000EC6DE /* YYY123 */,
				E9C16FF323CC90E5000EC6DE /* Products */,
				D96C868FF11BD08934D5BD99 /* Pods */,
				AE177BA2D01D094D3A8A0B87 /* Frameworks */,
			);
			sourceTree = "<group>";
		};
		E9C16FF323CC90E5000EC6DE /* Products */ = {
			isa = PBXGroup;
			children = (
				E9C16FF223CC90E5000EC6DE /* YYY123.app */,
			);
			name = Products;
			sourceTree = "<group>";
		};
		E9C16FF423CC90E5000EC6DE /* YYY123 */ = {
			isa = PBXGroup;
			children = (
				E9CBFD5426C56EAB00E8EE69 /* TlmLeaksFinder */,
				E9C16FF523CC90E5000EC6DE /* AppDelegate.h */,
				E9C16FF623CC90E5000EC6DE /* AppDelegate.m */,
				E9C16FF823CC90E5000EC6DE /* ViewController.h */,
				E9C16FF923CC90E5000EC6DE /* ViewController.m */,
				E9CBFD5026C5696A00E8EE69 /* RootViewController.h */,
				E9CBFD4F26C5696900E8EE69 /* RootViewController.m */,
				E9CBFD5126C5696A00E8EE69 /* TestViewController.h */,
				E9CBFD4E26C5696900E8EE69 /* TestViewController.m */,
				E9C16FFB23CC90E5000EC6DE /* Main.storyboard */,
				E9C16FFE23CC90E6000EC6DE /* Assets.xcassets */,
				E9C1700023CC90E6000EC6DE /* LaunchScreen.storyboard */,
				E9C1700323CC90E6000EC6DE /* Info.plist */,
				E9C1700423CC90E6000EC6DE /* main.m */,
				8E84CD3926D4F03A007E9F7F /* DevilSingleton.h */,
				8E84CD3A26D4F03A007E9F7F /* DevilSingleton.m */,
				8E84CD3D26D4F0D4007E9F7F /* UIView_A.h */,
				8E84CD3E26D4F0D4007E9F7F /* UIView_A.m */,
				8E84CD4126D4F0DF007E9F7F /* UIView_B.h */,
				8E84CD4226D4F0DF007E9F7F /* UIView_B.m */,
			);
			path = YYY123;
			sourceTree = "<group>";
		};
		E9CBFD5426C56EAB00E8EE69 /* TlmLeaksFinder */ = {
			isa = PBXGroup;
			children = (
				E9CBFD5726C56F1E00E8EE69 /* NSObject+dealloc.h */,
				E9CBFD5626C56F1E00E8EE69 /* NSObject+dealloc.m */,
				E9CBFD5826C56F1E00E8EE69 /* UIViewController+dismiss.h */,
				E9CBFD5526C56F1E00E8EE69 /* UIViewController+dismiss.m */,
				8E90A2B626C6129500D45926 /* TlmLeakObjProxy.h */,
				8E90A2B726C6129500D45926 /* TlmLeakObjProxy.m */,
				8E84CD4526D4F47E007E9F7F /* UIView+tlmLeaks.h */,
				8E84CD4626D4F47E007E9F7F /* UIView+tlmLeaks.m */,
			);
			path = TlmLeaksFinder;
			sourceTree = "<group>";
		};
/* End PBXGroup section */

/* Begin PBXNativeTarget section */
		E9C16FF123CC90E5000EC6DE /* YYY123 */ = {
			isa = PBXNativeTarget;
			buildConfigurationList = E9C1700823CC90E6000EC6DE /* Build configuration list for PBXNativeTarget "YYY123" */;
			buildPhases = (
				02C31715BE9E5B86C607E9AF /* [CP] Check Pods Manifest.lock */,
				E9C16FEE23CC90E5000EC6DE /* Sources */,
				E9C16FEF23CC90E5000EC6DE /* Frameworks */,
				E9C16FF023CC90E5000EC6DE /* Resources */,
			);
			buildRules = (
			);
			dependencies = (
			);
			name = YYY123;
			productName = YYY123;
			productReference = E9C16FF223CC90E5000EC6DE /* YYY123.app */;
			productType = "com.apple.product-type.application";
		};
/* End PBXNativeTarget section */

/* Begin PBXProject section */
		E9C16FEA23CC90E5000EC6DE /* Project object */ = {
			isa = PBXProject;
			attributes = {
				LastUpgradeCheck = 0940;
				ORGANIZATIONNAME = "Hello World Corporation";
				TargetAttributes = {
					E9C16FF123CC90E5000EC6DE = {
						CreatedOnToolsVersion = 9.4.1;
					};
				};
			};
			buildConfigurationList = E9C16FED23CC90E5000EC6DE /* Build configuration list for PBXProject "YYY123" */;
			compatibilityVersion = "Xcode 9.3";
			developmentRegion = en;
			hasScannedForEncodings = 0;
			knownRegions = (
				en,
				Base,
			);
			mainGroup = E9C16FE923CC90E5000EC6DE;
			productRefGroup = E9C16FF323CC90E5000EC6DE /* Products */;
			projectDirPath = "";
			projectRoot = "";
			targets = (
				E9C16FF123CC90E5000EC6DE /* YYY123 */,
			);
		};
/* End PBXProject section */

/* Begin PBXResourcesBuildPhase section */
		E9C16FF023CC90E5000EC6DE /* Resources */ = {
			isa = PBXResourcesBuildPhase;
			buildActionMask = 2147483647;
			files = (
				E9C1700223CC90E6000EC6DE /* LaunchScreen.storyboard in Resources */,
				E9C16FFF23CC90E6000EC6DE /* Assets.xcassets in Resources */,
				E9C16FFD23CC90E5000EC6DE /* Main.storyboard in Resources */,
			);
			runOnlyForDeploymentPostprocessing = 0;
		};
/* End PBXResourcesBuildPhase section */

/* Begin PBXShellScriptBuildPhase section */
		02C31715BE9E5B86C607E9AF /* [CP] Check Pods Manifest.lock */ = {
			isa = PBXShellScriptBuildPhase;
			buildActionMask = 2147483647;
			files = (
			);
			inputPaths = (
				"${PODS_PODFILE_DIR_PATH}/Podfile.lock",
				"${PODS_ROOT}/Manifest.lock",
			);
			name = "[CP] Check Pods Manifest.lock";
			outputPaths = (
				"$(DERIVED_FILE_DIR)/Pods-YYY123-checkManifestLockResult.txt",
			);
			runOnlyForDeploymentPostprocessing = 0;
			shellPath = /bin/sh;
			shellScript = "diff \"${PODS_PODFILE_DIR_PATH}/Podfile.lock\" \"${PODS_ROOT}/Manifest.lock\" > /dev/null\nif [ $? != 0 ] ; then\n    # print error to STDERR\n    echo \"error: The sandbox is not in sync with the Podfile.lock. Run 'pod install' or update your CocoaPods installation.\" >&2\n    exit 1\nfi\n# This output is used by Xcode 'outputs' to avoid re-running this script phase.\necho \"SUCCESS\" > \"${SCRIPT_OUTPUT_FILE_0}\"\n";
			showEnvVarsInLog = 0;
		};
/* End PBXShellScriptBuildPhase section */

/* Begin PBXSourcesBuildPhase section */
		E9C16FEE23CC90E5000EC6DE /* Sources */ = {
			isa = PBXSourcesBuildPhase;
			buildActionMask = 2147483647;
			files = (
				E9C16FFA23CC90E5000EC6DE /* ViewController.m in Sources */,
				8E84CD4726D4F47E007E9F7F /* UIView+tlmLeaks.m in Sources */,
				E9CBFD5A26C56F1E00E8EE69 /* NSObject+dealloc.m in Sources */,
				8E84CD3B26D4F03A007E9F7F /* DevilSingleton.m in Sources */,
				E9C1700523CC90E6000EC6DE /* main.m in Sources */,
				8E90A2B826C6129500D45926 /* TlmLeakObjProxy.m in Sources */,
				E9CBFD5226C5696A00E8EE69 /* TestViewController.m in Sources */,
				8E84CD3F26D4F0D4007E9F7F /* UIView_A.m in Sources */,
				E9CBFD5926C56F1E00E8EE69 /* UIViewController+dismiss.m in Sources */,
				8E84CD4326D4F0DF007E9F7F /* UIView_B.m in Sources */,
				E9C16FF723CC90E5000EC6DE /* AppDelegate.m in Sources */,
				E9CBFD5326C5696A00E8EE69 /* RootViewController.m in Sources */,
			);
			runOnlyForDeploymentPostprocessing = 0;
		};
/* End PBXSourcesBuildPhase section */

/* Begin PBXVariantGroup section */
		E9C16FFB23CC90E5000EC6DE /* Main.storyboard */ = {
			isa = PBXVariantGroup;
			children = (
				E9C16FFC23CC90E5000EC6DE /* Base */,
			);
			name = Main.storyboard;
			sourceTree = "<group>";
		};
		E9C1700023CC90E6000EC6DE /* LaunchScreen.storyboard */ = {
			isa = PBXVariantGroup;
			children = (
				E9C1700123CC90E6000EC6DE /* Base */,
			);
			name = LaunchScreen.storyboard;
			sourceTree = "<group>";
		};
/* End PBXVariantGroup section */

/* Begin XCBuildConfiguration section */
		E9C1700623CC90E6000EC6DE /* Debug */ = {
			isa = XCBuildConfiguration;
			buildSettings = {
				ALWAYS_SEARCH_USER_PATHS = NO;
				CLANG_ANALYZER_NONNULL = YES;
				CLANG_ANALYZER_NUMBER_OBJECT_CONVERSION = YES_AGGRESSIVE;
				CLANG_CXX_LANGUAGE_STANDARD = "gnu++14";
				CLANG_CXX_LIBRARY = "libc++";
				CLANG_ENABLE_MODULES = YES;
				CLANG_ENABLE_OBJC_ARC = YES;
				CLANG_ENABLE_OBJC_WEAK = YES;
				CLANG_WARN_BLOCK_CAPTURE_AUTORELEASING = YES;
				CLANG_WARN_BOOL_CONVERSION = YES;
				CLANG_WARN_COMMA = YES;
				CLANG_WARN_CONSTANT_CONVERSION = YES;
				CLANG_WARN_DEPRECATED_OBJC_IMPLEMENTATIONS = YES;
				CLANG_WARN_DIRECT_OBJC_ISA_USAGE = YES_ERROR;
				CLANG_WARN_DOCUMENTATION_COMMENTS = YES;
				CLANG_WARN_EMPTY_BODY = YES;
				CLANG_WARN_ENUM_CONVERSION = YES;
				CLANG_WARN_INFINITE_RECURSION = YES;
				CLANG_WARN_INT_CONVERSION = YES;
				CLANG_WARN_NON_LITERAL_NULL_CONVERSION = YES;
				CLANG_WARN_OBJC_IMPLICIT_RETAIN_SELF = YES;
				CLANG_WARN_OBJC_LITERAL_CONVERSION = YES;
				CLANG_WARN_OBJC_ROOT_CLASS = YES_ERROR;
				CLANG_WARN_RANGE_LOOP_ANALYSIS = YES;
				CLANG_WARN_STRICT_PROTOTYPES = YES;
				CLANG_WARN_SUSPICIOUS_MOVE = YES;
				CLANG_WARN_UNGUARDED_AVAILABILITY = YES_AGGRESSIVE;
				CLANG_WARN_UNREACHABLE_CODE = YES;
				CLANG_WARN__DUPLICATE_METHOD_MATCH = YES;
				CODE_SIGN_IDENTITY = "iPhone Developer";
				COPY_PHASE_STRIP = NO;
				DEBUG_INFORMATION_FORMAT = dwarf;
				ENABLE_STRICT_OBJC_MSGSEND = YES;
				ENABLE_TESTABILITY = YES;
				GCC_C_LANGUAGE_STANDARD = gnu11;
				GCC_DYNAMIC_NO_PIC = NO;
				GCC_NO_COMMON_BLOCKS = YES;
				GCC_OPTIMIZATION_LEVEL = 0;
				GCC_PREPROCESSOR_DEFINITIONS = (
					"DEBUG=1",
					"$(inherited)",
				);
				GCC_WARN_64_TO_32_BIT_CONVERSION = YES;
				GCC_WARN_ABOUT_RETURN_TYPE = YES_ERROR;
				GCC_WARN_UNDECLARED_SELECTOR = YES;
				GCC_WARN_UNINITIALIZED_AUTOS = YES_AGGRESSIVE;
				GCC_WARN_UNUSED_FUNCTION = YES;
				GCC_WARN_UNUSED_VARIABLE = YES;
				IPHONEOS_DEPLOYMENT_TARGET = 11.4;
				MTL_ENABLE_DEBUG_INFO = YES;
				ONLY_ACTIVE_ARCH = YES;
				SDKROOT = iphoneos;
			};
			name = Debug;
		};
		E9C1700723CC90E6000EC6DE /* Release */ = {
			isa = XCBuildConfiguration;
			buildSettings = {
				ALWAYS_SEARCH_USER_PATHS = NO;
				CLANG_ANALYZER_NONNULL = YES;
				CLANG_ANALYZER_NUMBER_OBJECT_CONVERSION = YES_AGGRESSIVE;
				CLANG_CXX_LANGUAGE_STANDARD = "gnu++14";
				CLANG_CXX_LIBRARY = "libc++";
				CLANG_ENABLE_MODULES = YES;
				CLANG_ENABLE_OBJC_ARC = YES;
				CLANG_ENABLE_OBJC_WEAK = YES;
				CLANG_WARN_BLOCK_CAPTURE_AUTORELEASING = YES;
				CLANG_WARN_BOOL_CONVERSION = YES;
				CLANG_WARN_COMMA = YES;
				CLANG_WARN_CONSTANT_CONVERSION = YES;
				CLANG_WARN_DEPRECATED_OBJC_IMPLEMENTATIONS = YES;
				CLANG_WARN_DIRECT_OBJC_ISA_USAGE = YES_ERROR;
				CLANG_WARN_DOCUMENTATION_COMMENTS = YES;
				CLANG_WARN_EMPTY_BODY = YES;
				CLANG_WARN_ENUM_CONVERSION = YES;
				CLANG_WARN_INFINITE_RECURSION = YES;
				CLANG_WARN_INT_CONVERSION = YES;
				CLANG_WARN_NON_LITERAL_NULL_CONVERSION = YES;
				CLANG_WARN_OBJC_IMPLICIT_RETAIN_SELF = YES;
				CLANG_WARN_OBJC_LITERAL_CONVERSION = YES;
				CLANG_WARN_OBJC_ROOT_CLASS = YES_ERROR;
				CLANG_WARN_RANGE_LOOP_ANALYSIS = YES;
				CLANG_WARN_STRICT_PROTOTYPES = YES;
				CLANG_WARN_SUSPICIOUS_MOVE = YES;
				CLANG_WARN_UNGUARDED_AVAILABILITY = YES_AGGRESSIVE;
				CLANG_WARN_UNREACHABLE_CODE = YES;
				CLANG_WARN__DUPLICATE_METHOD_MATCH = YES;
				CODE_SIGN_IDENTITY = "iPhone Developer";
				COPY_PHASE_STRIP = NO;
				DEBUG_INFORMATION_FORMAT = "dwarf-with-dsym";
				ENABLE_NS_ASSERTIONS = NO;
				ENABLE_STRICT_OBJC_MSGSEND = YES;
				GCC_C_LANGUAGE_STANDARD = gnu11;
				GCC_NO_COMMON_BLOCKS = YES;
				GCC_WARN_64_TO_32_BIT_CONVERSION = YES;
				GCC_WARN_ABOUT_RETURN_TYPE = YES_ERROR;
				GCC_WARN_UNDECLARED_SELECTOR = YES;
				GCC_WARN_UNINITIALIZED_AUTOS = YES_AGGRESSIVE;
				GCC_WARN_UNUSED_FUNCTION = YES;
				GCC_WARN_UNUSED_VARIABLE = YES;
				IPHONEOS_DEPLOYMENT_TARGET = 11.4;
				MTL_ENABLE_DEBUG_INFO = NO;
				SDKROOT = iphoneos;
				VALIDATE_PRODUCT = YES;
			};
			name = Release;
		};
		E9C1700923CC90E6000EC6DE /* Debug */ = {
			isa = XCBuildConfiguration;
			baseConfigurationReference = D80860ECA68E34420F570D6C /* Pods-YYY123.debug.xcconfig */;
			buildSettings = {
				ASSETCATALOG_COMPILER_APPICON_NAME = AppIcon;
				CODE_SIGN_STYLE = Automatic;
				DEVELOPMENT_TEAM = NE8VK2242L;
				INFOPLIST_FILE = YYY123/Info.plist;
				LD_RUNPATH_SEARCH_PATHS = (
					"$(inherited)",
					"@executable_path/Frameworks",
				);
				PRODUCT_BUNDLE_IDENTIFIER = com.tonglm.YYY123;
				PRODUCT_NAME = "$(TARGET_NAME)";
				TARGETED_DEVICE_FAMILY = "1,2";
			};
			name = Debug;
		};
		E9C1700A23CC90E6000EC6DE /* Release */ = {
			isa = XCBuildConfiguration;
			baseConfigurationReference = 14E339FED356C49030251219 /* Pods-YYY123.release.xcconfig */;
			buildSettings = {
				ASSETCATALOG_COMPILER_APPICON_NAME = AppIcon;
				CODE_SIGN_STYLE = Automatic;
				DEVELOPMENT_TEAM = NE8VK2242L;
				INFOPLIST_FILE = YYY123/Info.plist;
				LD_RUNPATH_SEARCH_PATHS = (
					"$(inherited)",
					"@executable_path/Frameworks",
				);
				PRODUCT_BUNDLE_IDENTIFIER = com.tonglm.YYY123;
				PRODUCT_NAME = "$(TARGET_NAME)";
				TARGETED_DEVICE_FAMILY = "1,2";
			};
			name = Release;
		};
/* End XCBuildConfiguration section */

/* Begin XCConfigurationList section */
		E9C16FED23CC90E5000EC6DE /* Build configuration list for PBXProject "YYY123" */ = {
			isa = XCConfigurationList;
			buildConfigurations = (
				E9C1700623CC90E6000EC6DE /* Debug */,
				E9C1700723CC90E6000EC6DE /* Release */,
			);
			defaultConfigurationIsVisible = 0;
			defaultConfigurationName = Release;
		};
		E9C1700823CC90E6000EC6DE /* Build configuration list for PBXNativeTarget "YYY123" */ = {
			isa = XCConfigurationList;
			buildConfigurations = (
				E9C1700923CC90E6000EC6DE /* Debug */,
				E9C1700A23CC90E6000EC6DE /* Release */,
			);
			defaultConfigurationIsVisible = 0;
			defaultConfigurationName = Release;
		};
/* End XCConfigurationList section */
	};
	rootObject = E9C16FEA23CC90E5000EC6DE /* Project object */;
}
